Microsoft Visual Studio Solution File, Format Version 12.00
# Visual Studio Version 17
VisualStudioVersion = 17.0.31903.59
MinimumVisualStudioVersion = 10.0.40219.1
Project("{FAE04EC0-301F-11D3-BF4B-00C04F79EFBC}") = "LagerPro.Domain", "src\LagerPro.Domain\LagerPro.Domain.csproj", "{2E4F34B3-0D51-4A45-92FC-2E5CCFE633B7}"
EndProject
Project("{FAE04EC0-301F-11D3-BF4B-00C04F79EFBC}") = "LagerPro.Application", "src\LagerPro.Application\LagerPro.Application.csproj", "{F6966897-C128-408C-89A4-3C2F41EB70CC}"
EndProject
Project("{FAE04EC0-301F-11D3-BF4B-00C04F79EFBC}") = "LagerPro.Infrastructure", "src\LagerPro.Infrastructure\LagerPro.Infrastructure.csproj", "{B6E8918C-40F8-4E5D-9609-1C0145D344CB}"
EndProject
Project("{FAE04EC0-301F-11D3-BF4B-00C04F79EFBC}") = "LagerPro.Contracts", "src\LagerPro.Contracts\LagerPro.Contracts.csproj", "{8EF6D164-4BDF-457B-B0E3-26BBDF888B9D}"
EndProject
Project("{FAE04EC0-301F-11D3-BF4B-00C04F79EFBC}") = "LagerPro.Api", "src\LagerPro.Api\LagerPro.Api.csproj", "{F64684D0-26A4-4E9A-B18C-809FF0C3979A}"
EndProject
Project("{FAE04EC0-301F-11D3-BF4B-00C04F79EFBC}") = "LagerPro.Domain.Tests", "tests\LagerPro.Domain.Tests\LagerPro.Domain.Tests.csproj", "{C5A2D2C7-D2E8-4B75-B9A3-27E7D4F8F412}"
EndProject
Project("{FAE04EC0-301F-11D3-BF4B-00C04F79EFBC}") = "LagerPro.Application.Tests", "tests\LagerPro.Application.Tests\LagerPro.Application.Tests.csproj", "{5B4D0CB7-BE7F-4F3A-9A62-08C3D2F8370E}"
EndProject
Global
	GlobalSection(SolutionConfigurationPlatforms) = preSolution
		Debug|Any CPU = Debug|Any CPU
		Release|Any CPU = Release|Any CPU
	EndGlobalSection
	GlobalSection(ProjectConfigurationPlatforms) = postSolution
		{2E4F34B3-0D51-4A45-92FC-2E5CCFE633B7}.Debug|Any CPU.ActiveCfg = Debug|Any CPU
		{2E4F34B3-0D51-4A45-92FC-2E5CCFE633B7}.Debug|Any CPU.Build.0 = Debug|Any CPU
		{2E4F34B3-0D51-4A45-92FC-2E5CCFE633B7}.Release|Any CPU.ActiveCfg = Release|Any CPU
		{2E4F34B3-0D51-4A45-92FC-2E5CCFE633B7}.Release|Any CPU.Build.0 = Release|Any CPU
		{F6966897-C128-408C-89A4-3C2F41EB70CC}.Debug|Any CPU.ActiveCfg = Debug|Any CPU
		{F6966897-C128-408C-89A4-3C2F41EB70CC}.Debug|Any CPU.Build.0 = Debug|Any CPU
		{F6966897-C128-408C-89A4-3C2F41EB70CC}.Release|Any CPU.ActiveCfg = Release|Any CPU
		{F6966897-C128-408C-89A4-3C2F41EB70CC}.Release|Any CPU.Build.0 = Release|Any CPU
		{B6E8918C-40F8-4E5D-9609-1C0145D344CB}.Debug|Any CPU.ActiveCfg = Debug|Any CPU
		{B6E8918C-40F8-4E5D-9609-1C0145D344CB}.Debug|Any CPU.Build.0 = Debug|Any CPU
		{B6E8918C-40F8-4E5D-9609-1C0145D344CB}.Release|Any CPU.ActiveCfg = Release|Any CPU
		{B6E8918C-40F8-4E5D-9609-1C0145D344CB}.Release|Any CPU.Build.0 = Release|Any CPU
		{8EF6D164-4BDF-457B-B0E3-26BBDF888B9D}.Debug|Any CPU.ActiveCfg = Debug|Any CPU
		{8EF6D164-4BDF-457B-B0E3-26BBDF888B9D}.Debug|Any CPU.Build.0 = Debug|Any CPU
		{8EF6D164-4BDF-457B-B0E3-26BBDF888B9D}.Release|Any CPU.ActiveCfg = Release|Any CPU
		{8EF6D164-4BDF-457B-B0E3-26BBDF888B9D}.Release|Any CPU.Build.0 = Release|Any CPU
		{F64684D0-26A4-4E9A-B18C-809FF0C3979A}.Debug|Any CPU.ActiveCfg = Debug|Any CPU
		{F64684D0-26A4-4E9A-B18C-809FF0C3979A}.Debug|Any CPU.Build.0 = Debug|Any CPU
		{F64684D0-26A4-4E9A-B18C-809FF0C3979A}.Release|Any CPU.ActiveCfg = Release|Any CPU
		{F64684D0-26A4-4E9A-B18C-809FF0C3979A}.Release|Any CPU.Build.0 = Release|Any CPU
		{C5A2D2C7-D2E8-4B75-B9A3-27E7D4F8F412}.Debug|Any CPU.ActiveCfg = Debug|Any CPU
		{C5A2D2C7-D2E8-4B75-B9A3-27E7D4F8F412}.Debug|Any CPU.Build.0 = Debug|Any CPU
		{C5A2D2C7-D2E8-4B75-B9A3-27E7D4F8F412}.Release|Any CPU.ActiveCfg = Release|Any CPU
		{C5A2D2C7-D2E8-4B75-B9A3-27E7D4F8F412}.Release|Any CPU.Build.0 = Release|Any CPU
		{5B4D0CB7-BE7F-4F3A-9A62-08C3D2F8370E}.Debug|Any CPU.ActiveCfg = Debug|Any CPU
		{5B4D0CB7-BE7F-4F3A-9A62-08C3D2F8370E}.Debug|Any CPU.Build.0 = Debug|Any CPU
		{5B4D0CB7-BE7F-4F3A-9A62-08C3D2F8370E}.Release|Any CPU.ActiveCfg = Release|Any CPU
		{5B4D0CB7-BE7F-4F3A-9A62-08C3D2F8370E}.Release|Any CPU.Build.0 = Release|Any CPU
	EndGlobalSection
	GlobalSection(SolutionProperties) = preSolution
		HideSolutionNode = FALSE
	EndGlobalSection
EndGlobal
